
Microsoft Visual Studio Solution File, Format Version 11.00
# Visual Studio 2010
Project("{FAE04EC0-301F-11D3-BF4B-00C04F79EFBC}") = "Sitecore.SharedSource.GoogleMaps", "Sitecore.SharedSource.GoogleMaps\Sitecore.SharedSource.GoogleMaps.csproj", "{4E2F1753-E21C-4A3C-A3F8-22FB1F023668}"
EndProject
Global
	GlobalSection(SolutionConfigurationPlatforms) = preSolution
		Debug|Any CPU = Debug|Any CPU
		Release|Any CPU = Release|Any CPU
	EndGlobalSection
	GlobalSection(ProjectConfigurationPlatforms) = postSolution
		{4E2F1753-E21C-4A3C-A3F8-22FB1F023668}.Debug|Any CPU.ActiveCfg = Debug|Any CPU
		{4E2F1753-E21C-4A3C-A3F8-22FB1F023668}.Debug|Any CPU.Build.0 = Debug|Any CPU
		{4E2F1753-E21C-4A3C-A3F8-22FB1F023668}.Release|Any CPU.ActiveCfg = Release|Any CPU
		{4E2F1753-E21C-4A3C-A3F8-22FB1F023668}.Release|Any CPU.Build.0 = Release|Any CPU
	EndGlobalSection
	GlobalSection(SolutionProperties) = preSolution
		HideSolutionNode = FALSE
	EndGlobalSection
EndGlobal
